Microsoft Visual Studio Solution File, Format Version 11.00
# Visual Studio 2010
Project("{8BC9CEB8-8B4A-11D0-8D11-00A0C91BC942}") = "SGPEngine", "SGPEngine.vcxproj", "{76106118-6F36-1EC9-93CC-F5C57438AEFF}"
EndProject
Project("{8BC9CEB8-8B4A-11D0-8D11-00A0C91BC942}") = "SGP_MAX9Plugins", "..\..\Tools\SGP_MAX9Plugins\SGP_MAX9Plugins.vcxproj", "{E7CB76AA-6113-46BA-8EBC-8AE1D2B81210}"
EndProject
Project("{8BC9CEB8-8B4A-11D0-8D11-00A0C91BC942}") = "DEMO_Win32Windows", "..\..\Tools\DEMO_Win32Windows\DEMO_Win32Windows.vcxproj", "{F584C2A1-3058-4CA1-A4BE-163EAA90A20C}"
EndProject
Project("{2150E333-8FDC-42A3-9474-1A3956D46DE8}") = "Tools", "Tools", "{767A95EA-4909-4732-A6A1-54053ACE7615}"
EndProject
Project("{2150E333-8FDC-42A3-9474-1A3956D46DE8}") = "Samples", "Samples", "{C525C341-8DDF-4442-AE1C-0075094A9669}"
EndProject
Project("{8BC9CEB8-8B4A-11D0-8D11-00A0C91BC942}") = "OGLES2_Win32PCEmulation", "..\..\Tools\OGLES2_Win32PCEmulation\OGLES2_Win32PCEmulation.vcxproj", "{1E25F48B-D41B-4433-A286-625A9CEDDC3E}"
EndProject
Project("{8BC9CEB8-8B4A-11D0-8D11-00A0C91BC942}") = "SGP_ModelViewer", "..\..\Tools\SGP_ModelViewer\SGP_ModelViewer.vcxproj", "{861E2E5A-88A8-4C40-8E2D-1F54AB7E953F}"
EndProject
Project("{8BC9CEB8-8B4A-11D0-8D11-00A0C91BC942}") = "SGP_WorldEditor", "..\..\Tools\SGP_WorldEditor\SGP_WorldEditor.vcxproj", "{ED098BE3-1B45-4517-9BF7-C04962A5FF76}"
EndProject
Global
	GlobalSection(SolutionConfigurationPlatforms) = preSolution
		Debug|Win32 = Debug|Win32
		Release|Win32 = Release|Win32
	EndGlobalSection
	GlobalSection(ProjectConfigurationPlatforms) = postSolution
		{76106118-6F36-1EC9-93CC-F5C57438AEFF}.Debug|Win32.ActiveCfg = Debug|Win32
		{76106118-6F36-1EC9-93CC-F5C57438AEFF}.Debug|Win32.Build.0 = Debug|Win32
		{76106118-6F36-1EC9-93CC-F5C57438AEFF}.Release|Win32.ActiveCfg = Release|Win32
		{76106118-6F36-1EC9-93CC-F5C57438AEFF}.Release|Win32.Build.0 = Release|Win32
		{E7CB76AA-6113-46BA-8EBC-8AE1D2B81210}.Debug|Win32.ActiveCfg = Debug|Win32
		{E7CB76AA-6113-46BA-8EBC-8AE1D2B81210}.Debug|Win32.Build.0 = Debug|Win32
		{E7CB76AA-6113-46BA-8EBC-8AE1D2B81210}.Release|Win32.ActiveCfg = Release|Win32
		{E7CB76AA-6113-46BA-8EBC-8AE1D2B81210}.Release|Win32.Build.0 = Release|Win32
		{F584C2A1-3058-4CA1-A4BE-163EAA90A20C}.Debug|Win32.ActiveCfg = Debug|Win32
		{F584C2A1-3058-4CA1-A4BE-163EAA90A20C}.Debug|Win32.Build.0 = Debug|Win32
		{F584C2A1-3058-4CA1-A4BE-163EAA90A20C}.Release|Win32.ActiveCfg = Release|Win32
		{F584C2A1-3058-4CA1-A4BE-163EAA90A20C}.Release|Win32.Build.0 = Release|Win32
		{1E25F48B-D41B-4433-A286-625A9CEDDC3E}.Debug|Win32.ActiveCfg = Debug|Win32
		{1E25F48B-D41B-4433-A286-625A9CEDDC3E}.Debug|Win32.Build.0 = Debug|Win32
		{1E25F48B-D41B-4433-A286-625A9CEDDC3E}.Release|Win32.ActiveCfg = Release|Win32
		{1E25F48B-D41B-4433-A286-625A9CEDDC3E}.Release|Win32.Build.0 = Release|Win32
		{861E2E5A-88A8-4C40-8E2D-1F54AB7E953F}.Debug|Win32.ActiveCfg = Debug|Win32
		{861E2E5A-88A8-4C40-8E2D-1F54AB7E953F}.Debug|Win32.Build.0 = Debug|Win32
		{861E2E5A-88A8-4C40-8E2D-1F54AB7E953F}.Release|Win32.ActiveCfg = Release|Win32
		{861E2E5A-88A8-4C40-8E2D-1F54AB7E953F}.Release|Win32.Build.0 = Release|Win32
		{ED098BE3-1B45-4517-9BF7-C04962A5FF76}.Debug|Win32.ActiveCfg = Debug|Win32
		{ED098BE3-1B45-4517-9BF7-C04962A5FF76}.Debug|Win32.Build.0 = Debug|Win32
		{ED098BE3-1B45-4517-9BF7-C04962A5FF76}.Release|Win32.ActiveCfg = Release|Win32
		{ED098BE3-1B45-4517-9BF7-C04962A5FF76}.Release|Win32.Build.0 = Release|Win32
	EndGlobalSection
	GlobalSection(SolutionProperties) = preSolution
		HideSolutionNode = FALSE
	EndGlobalSection
	GlobalSection(NestedProjects) = preSolution
		{E7CB76AA-6113-46BA-8EBC-8AE1D2B81210} = {767A95EA-4909-4732-A6A1-54053ACE7615}
		{861E2E5A-88A8-4C40-8E2D-1F54AB7E953F} = {767A95EA-4909-4732-A6A1-54053ACE7615}
		{ED098BE3-1B45-4517-9BF7-C04962A5FF76} = {767A95EA-4909-4732-A6A1-54053ACE7615}
		{F584C2A1-3058-4CA1-A4BE-163EAA90A20C} = {C525C341-8DDF-4442-AE1C-0075094A9669}
		{1E25F48B-D41B-4433-A286-625A9CEDDC3E} = {C525C341-8DDF-4442-AE1C-0075094A9669}
	EndGlobalSection
EndGlobal
