<?xml version="1.0" encoding="utf-8"?>
<Project ToolsVersion="4.0" xmlns="http://schemas.microsoft.com/developer/msbuild/2003">
  <ItemGroup>
    <Filter Include="Source Files">
      <UniqueIdentifier>{8b140165-3317-4cc7-aabe-5341634bdd8f}</UniqueIdentifier>
      <Extensions>cpp;c;cxx;rc;def;r;odl;idl;hpj;bat</Extensions>
    </Filter>
    <Filter Include="Header Files">
      <UniqueIdentifier>{4e2758d4-f6c8-4652-bbb2-0a804f9cbcbb}</UniqueIdentifier>
      <Extensions>h;hpp;hxx;hm;inl</Extensions>
    </Filter>
    <Filter Include="Resource Files">
      <UniqueIdentifier>{5ee111df-5616-4e1a-8668-79988b1591d4}</UniqueIdentifier>
      <Extensions>ico;cur;bmp;dlg;rc2;rct;bin;rgs;gif;jpg;jpeg;jpe</Extensions>
    </Filter>
    <Filter Include="Engine Files">
      <UniqueIdentifier>{d6839c12-2eda-4da1-a3ab-8756e21a6a35}</UniqueIdentifier>
    </Filter>
  </ItemGroup>
  <ItemGroup>
    <ClCompile Include="SGP_MAX9Plugins.cpp">
      <Filter>Source Files</Filter>
    </ClCompile>
    <ClCompile Include="SGP_MAX9ControlPanel.cpp">
      <Filter>Source Files</Filter>
    </ClCompile>
    <ClCompile Include="SGP_MAX9Interface.cpp">
      <Filter>Source Files</Filter>
    </ClCompile>
    <ClCompile Include="DllEntry.cpp">
      <Filter>Source Files</Filter>
    </ClCompile>
    <ClCompile Include="..\..\SGPLibraryCode\modules\sgp_core\sgp_core.cpp">
      <Filter>Engine Files</Filter>
    </ClCompile>
    <ClCompile Include="..\..\SGPLibraryCode\modules\sgp_math\sgp_math.cpp">
      <Filter>Engine Files</Filter>
    </ClCompile>
    <ClCompile Include="..\..\SGPLibraryCode\modules\sgp_model\sgp_model.cpp">
      <Filter>Engine Files</Filter>
    </ClCompile>
    <ClCompile Include="SGP_MF1Candidate.cpp">
      <Filter>Source Files</Filter>
    </ClCompile>
    <ClCompile Include="MessageProcess.cpp">
      <Filter>Source Files</Filter>
    </ClCompile>
    <ClCompile Include="ActionModifyDlg.cpp">
      <Filter>Source Files</Filter>
    </ClCompile>
    <ClCompile Include="FolderDialog.cpp">
      <Filter>Source Files</Filter>
    </ClCompile>
  </ItemGroup>
  <ItemGroup>
    <None Include="SGP_MAX9Plugins.def">
      <Filter>Source Files</Filter>
    </None>
  </ItemGroup>
  <ItemGroup>
    <ClInclude Include="SGP_MAX9Plugins.h">
      <Filter>Header Files</Filter>
    </ClInclude>
    <ClInclude Include="resource.h">
      <Filter>Header Files</Filter>
    </ClInclude>
    <ClInclude Include="SGP_MAX9ControlPanel.h">
      <Filter>Header Files</Filter>
    </ClInclude>
    <ClInclude Include="SGP_MAX9Interface.h">
      <Filter>Header Files</Filter>
    </ClInclude>
    <ClInclude Include="SGP_MF1Candidate.h">
      <Filter>Header Files</Filter>
    </ClInclude>
    <ClInclude Include="MessageProcess.h">
      <Filter>Header Files</Filter>
    </ClInclude>
    <ClInclude Include="ActionModifyDlg.h">
      <Filter>Header Files</Filter>
    </ClInclude>
    <ClInclude Include="FolderDialog.h">
      <Filter>Header Files</Filter>
    </ClInclude>
  </ItemGroup>
  <ItemGroup>
    <ResourceCompile Include="SGP_MAX9Plugins.rc">
      <Filter>Resource Files</Filter>
    </ResourceCompile>
  </ItemGroup>
</Project>